// !$*UTF8*$!
{
	archiveVersion = 1;
	classes = {
	};
	objectVersion = 56;
	objects = {

/* Begin PBXBuildFile section */
		F44784D02B3A6142009868FE /* WebSocketApp.swift in Sources */ = {isa = PBXBuildFile; fileRef = F44784CF2B3A6142009868FE /* WebSocketApp.swift */; };
		F44784D22B3A6142009868FE /* ContentView.swift in Sources */ = {isa = PBXBuildFile; fileRef = F44784D12B3A6142009868FE /* ContentView.swift */; };
		F44784D42B3A6143009868FE /* Assets.xcassets in Resources */ = {isa = PBXBuildFile; fileRef = F44784D32B3A6143009868FE /* Assets.xcassets */; };
		F44784D72B3A6143009868FE /* Preview Assets.xcassets in Resources */ = {isa = PBXBuildFile; fileRef = F44784D62B3A6143009868FE /* Preview Assets.xcassets */; };
		F44784E12B3A6143009868FE /* WebSocketTests.swift in Sources */ = {isa = PBXBuildFile; fileRef = F44784E02B3A6143009868FE /* WebSocketTests.swift */; };
		F44784EB2B3A6143009868FE /* WebSocketUITests.swift in Sources */ = {isa = PBXBuildFile; fileRef = F44784EA2B3A6143009868FE /* WebSocketUITests.swift */; };
		F44784ED2B3A6143009868FE /* WebSocketUITestsLaunchTests.swift in Sources */ = {isa = PBXBuildFile; fileRef = F44784EC2B3A6143009868FE /* WebSocketUITestsLaunchTests.swift */; };
/* End PBXBuildFile section */

/* Begin PBXContainerItemProxy section */
		F44784DD2B3A6143009868FE /* PBXContainerItemProxy */ = {
			isa = PBXContainerItemProxy;
			containerPortal = F44784C42B3A6142009868FE /* Project object */;
			proxyType = 1;
			remoteGlobalIDString = F44784CB2B3A6142009868FE;
			remoteInfo = WebSocket;
		};
		F44784E72B3A6143009868FE /* PBXContainerItemProxy */ = {
			isa = PBXContainerItemProxy;
			containerPortal = F44784C42B3A6142009868FE /* Project object */;
			proxyType = 1;
			remoteGlobalIDString = F44784CB2B3A6142009868FE;
			remoteInfo = WebSocket;
		};
/* End PBXContainerItemProxy section */

/* Begin PBXFileReference section */
		F44784CC2B3A6142009868FE /* WebSocket.app */ = {isa = PBXFileReference; explicitFileType = wrapper.application; includeInIndex = 0; path = WebSocket.app; sourceTree = BUILT_PRODUCTS_DIR; };
		F44784CF2B3A6142009868FE /* WebSocketApp.swift */ = {isa = PBXFileReference; lastKnownFileType = sourcecode.swift; path = WebSocketApp.swift; sourceTree = "<group>"; };
		F44784D12B3A6142009868FE /* ContentView.swift */ = {isa = PBXFileReference; lastKnownFileType = sourcecode.swift; path = ContentView.swift; sourceTree = "<group>"; };
		F44784D32B3A6143009868FE /* Assets.xcassets */ = {isa = PBXFileReference; lastKnownFileType = folder.assetcatalog; path = Assets.xcassets; sourceTree = "<group>"; };
		F44784D62B3A6143009868FE /* Preview Assets.xcassets */ = {isa = PBXFileReference; lastKnownFileType = folder.assetcatalog; path = "Preview Assets.xcassets"; sourceTree = "<group>"; };
		F44784DC2B3A6143009868FE /* WebSocketTests.xctest */ = {isa = PBXFileReference; explicitFileType = wrapper.cfbundle; includeInIndex = 0; path = WebSocketTests.xctest; sourceTree = BUILT_PRODUCTS_DIR; };
		F44784E02B3A6143009868FE /* WebSocketTests.swift */ = {isa = PBXFileReference; lastKnownFileType = sourcecode.swift; path = WebSocketTests.swift; sourceTree = "<group>"; };
		F44784E62B3A6143009868FE /* WebSocketUITests.xctest */ = {isa = PBXFileReference; explicitFileType = wrapper.cfbundle; includeInIndex = 0; path = WebSocketUITests.xctest; sourceTree = BUILT_PRODUCTS_DIR; };
		F44784EA2B3A6143009868FE /* WebSocketUITests.swift */ = {isa = PBXFileReference; lastKnownFileType = sourcecode.swift; path = WebSocketUITests.swift; sourceTree = "<group>"; };
		F44784EC2B3A6143009868FE /* WebSocketUITestsLaunchTests.swift */ = {isa = PBXFileReference; lastKnownFileType = sourcecode.swift; path = WebSocketUITestsLaunchTests.swift; sourceTree = "<group>"; };
/* End PBXFileReference section */

/* Begin PBXFrameworksBuildPhase section */
		F44784C92B3A6142009868FE /* Frameworks */ = {
			isa = PBXFrameworksBuildPhase;
			buildActionMask = 2147483647;
			files = (
			);
			runOnlyForDeploymentPostprocessing = 0;
		};
		F44784D92B3A6143009868FE /* Frameworks */ = {
			isa = PBXFrameworksBuildPhase;
			buildActionMask = 2147483647;
			files = (
			);
			runOnlyForDeploymentPostprocessing = 0;
		};
		F44784E32B3A6143009868FE /* Frameworks */ = {
			isa = PBXFrameworksBuildPhase;
			buildActionMask = 2147483647;
			files = (
			);
			runOnlyForDeploymentPostprocessing = 0;
		};
/* End PBXFrameworksBuildPhase section */

/* Begin PBXGroup section */
		F44784C32B3A6142009868FE = {
			isa = PBXGroup;
			children = (
				F44784CE2B3A6142009868FE /* WebSocket */,
				F44784DF2B3A6143009868FE /* WebSocketTests */,
				F44784E92B3A6143009868FE /* WebSocketUITests */,
				F44784CD2B3A6142009868FE /* Products */,
			);
			sourceTree = "<group>";
		};
		F44784CD2B3A6142009868FE /* Products */ = {
			isa = PBXGroup;
			children = (
				F44784CC2B3A6142009868FE /* WebSocket.app */,
				F44784DC2B3A6143009868FE /* WebSocketTests.xctest */,
				F44784E62B3A6143009868FE /* WebSocketUITests.xctest */,
			);
			name = Products;
			sourceTree = "<group>";
		};
		F44784CE2B3A6142009868FE /* WebSocket */ = {
			isa = PBXGroup;
			children = (
				F44784CF2B3A6142009868FE /* WebSocketApp.swift */,
				F44784D12B3A6142009868FE /* ContentView.swift */,
				F44784D32B3A6143009868FE /* Assets.xcassets */,
				F44784D52B3A6143009868FE /* Preview Content */,
			);
			path = WebSocket;
			sourceTree = "<group>";
		};
		F44784D52B3A6143009868FE /* Preview Content */ = {
			isa = PBXGroup;
			children = (
				F44784D62B3A6143009868FE /* Preview Assets.xcassets */,
			);
			path = "Preview Content";
			sourceTree = "<group>";
		};
		F44784DF2B3A6143009868FE /* WebSocketTests */ = {
			isa = PBXGroup;
			children = (
				F44784E02B3A6143009868FE /* WebSocketTests.swift */,
			);
			path = WebSocketTests;
			sourceTree = "<group>";
		};
		F44784E92B3A6143009868FE /* WebSocketUITests */ = {
			isa = PBXGroup;
			children = (
				F44784EA2B3A6143009868FE /* WebSocketUITests.swift */,
				F44784EC2B3A6143009868FE /* WebSocketUITestsLaunchTests.swift */,
			);
			path = WebSocketUITests;
			sourceTree = "<group>";
		};
/* End PBXGroup section */

/* Begin PBXNativeTarget section */
		F44784CB2B3A6142009868FE /* WebSocket */ = {
			isa = PBXNativeTarget;
			buildConfigurationList = F44784F02B3A6143009868FE /* Build configuration list for PBXNativeTarget "WebSocket" */;
			buildPhases = (
				F44784C82B3A6142009868FE /* Sources */,
				F44784C92B3A6142009868FE /* Frameworks */,
				F44784CA2B3A6142009868FE /* Resources */,
			);
			buildRules = (
			);
			dependencies = (
			);
			name = WebSocket;
			productName = WebSocket;
			productReference = F44784CC2B3A6142009868FE /* WebSocket.app */;
			productType = "com.apple.product-type.application";
		};
		F44784DB2B3A6143009868FE /* WebSocketTests */ = {
			isa = PBXNativeTarget;
			buildConfigurationList = F44784F32B3A6143009868FE /* Build configuration list for PBXNativeTarget "WebSocketTests" */;
			buildPhases = (
				F44784D82B3A6143009868FE /* Sources */,
				F44784D92B3A6143009868FE /* Frameworks */,
				F44784DA2B3A6143009868FE /* Resources */,
			);
			buildRules = (
			);
			dependencies = (
				F44784DE2B3A6143009868FE /* PBXTargetDependency */,
			);
			name = WebSocketTests;
			productName = WebSocketTests;
			productReference = F44784DC2B3A6143009868FE /* WebSocketTests.xctest */;
			productType = "com.apple.product-type.bundle.unit-test";
		};
		F44784E52B3A6143009868FE /* WebSocketUITests */ = {
			isa = PBXNativeTarget;
			buildConfigurationList = F44784F62B3A6143009868FE /* Build configuration list for PBXNativeTarget "WebSocketUITests" */;
			buildPhases = (
				F44784E22B3A6143009868FE /* Sources */,
				F44784E32B3A6143009868FE /* Frameworks */,
				F44784E42B3A6143009868FE /* Resources */,
			);
			buildRules = (
			);
			dependencies = (
				F44784E82B3A6143009868FE /* PBXTargetDependency */,
			);
			name = WebSocketUITests;
			productName = WebSocketUITests;
			productReference = F44784E62B3A6143009868FE /* WebSocketUITests.xctest */;
			productType = "com.apple.product-type.bundle.ui-testing";
		};
/* End PBXNativeTarget section */

/* Begin PBXProject section */
		F44784C42B3A6142009868FE /* Project object */ = {
			isa = PBXProject;
			attributes = {
				BuildIndependentTargetsInParallel = 1;
				LastSwiftUpdateCheck = 1510;
				LastUpgradeCheck = 1510;
				TargetAttributes = {
					F44784CB2B3A6142009868FE = {
						CreatedOnToolsVersion = 15.1;
					};
					F44784DB2B3A6143009868FE = {
						CreatedOnToolsVersion = 15.1;
						TestTargetID = F44784CB2B3A6142009868FE;
					};
					F44784E52B3A6143009868FE = {
						CreatedOnToolsVersion = 15.1;
						TestTargetID = F44784CB2B3A6142009868FE;
					};
				};
			};
			buildConfigurationList = F44784C72B3A6142009868FE /* Build configuration list for PBXProject "WebSocket" */;
			compatibilityVersion = "Xcode 14.0";
			developmentRegion = en;
			hasScannedForEncodings = 0;
			knownRegions = (
				en,
				Base,
			);
			mainGroup = F44784C32B3A6142009868FE;
			productRefGroup = F44784CD2B3A6142009868FE /* Products */;
			projectDirPath = "";
			projectRoot = "";
			targets = (
				F44784CB2B3A6142009868FE /* WebSocket */,
				F44784DB2B3A6143009868FE /* WebSocketTests */,
				F44784E52B3A6143009868FE /* WebSocketUITests */,
			);
		};
/* End PBXProject section */

/* Begin PBXResourcesBuildPhase section */
		F44784CA2B3A6142009868FE /* Resources */ = {
			isa = PBXResourcesBuildPhase;
			buildActionMask = 2147483647;
			files = (
				F44784D72B3A6143009868FE /* Preview Assets.xcassets in Resources */,
				F44784D42B3A6143009868FE /* Assets.xcassets in Resources */,
			);
			runOnlyForDeploymentPostprocessing = 0;
		};
		F44784DA2B3A6143009868FE /* Resources */ = {
			isa = PBXResourcesBuildPhase;
			buildActionMask = 2147483647;
			files = (
			);
			runOnlyForDeploymentPostprocessing = 0;
		};
		F44784E42B3A6143009868FE /* Resources */ = {
			isa = PBXResourcesBuildPhase;
			buildActionMask = 2147483647;
			files = (
			);
			runOnlyForDeploymentPostprocessing = 0;
		};
/* End PBXResourcesBuildPhase section */

/* Begin PBXSourcesBuildPhase section */
		F44784C82B3A6142009868FE /* Sources */ = {
			isa = PBXSourcesBuildPhase;
			buildActionMask = 2147483647;
			files = (
				F44784D22B3A6142009868FE /* ContentView.swift in Sources */,
				F44784D02B3A6142009868FE /* WebSocketApp.swift in Sources */,
			);
			runOnlyForDeploymentPostprocessing = 0;
		};
		F44784D82B3A6143009868FE /* Sources */ = {
			isa = PBXSourcesBuildPhase;
			buildActionMask = 2147483647;
			files = (
				F44784E12B3A6143009868FE /* WebSocketTests.swift in Sources */,
			);
			runOnlyForDeploymentPostprocessing = 0;
		};
		F44784E22B3A6143009868FE /* Sources */ = {
			isa = PBXSourcesBuildPhase;
			buildActionMask = 2147483647;
			files = (
				F44784ED2B3A6143009868FE /* WebSocketUITestsLaunchTests.swift in Sources */,
				F44784EB2B3A6143009868FE /* WebSocketUITests.swift in Sources */,
			);
			runOnlyForDeploymentPostprocessing = 0;
		};
/* End PBXSourcesBuildPhase section */

/* Begin PBXTargetDependency section */
		F44784DE2B3A6143009868FE /* PBXTargetDependency */ = {
			isa = PBXTargetDependency;
			target = F44784CB2B3A6142009868FE /* WebSocket */;
			targetProxy = F44784DD2B3A6143009868FE /* PBXContainerItemProxy */;
		};
		F44784E82B3A6143009868FE /* PBXTargetDependency */ = {
			isa = PBXTargetDependency;
			target = F44784CB2B3A6142009868FE /* WebSocket */;
			targetProxy = F44784E72B3A6143009868FE /* PBXContainerItemProxy */;
		};
/* End PBXTargetDependency section */

/* Begin XCBuildConfiguration section */
		F44784EE2B3A6143009868FE /* Debug */ = {
			isa = XCBuildConfiguration;
			buildSettings = {
				ALWAYS_SEARCH_USER_PATHS = NO;
				ASSETCATALOG_COMPILER_GENERATE_SWIFT_ASSET_SYMBOL_EXTENSIONS = YES;
				CLANG_ANALYZER_NONNULL = YES;
				CLANG_ANALYZER_NUMBER_OBJECT_CONVERSION = YES_AGGRESSIVE;
				CLANG_CXX_LANGUAGE_STANDARD = "gnu++20";
				CLANG_ENABLE_MODULES = YES;
				CLANG_ENABLE_OBJC_ARC = YES;
				CLANG_ENABLE_OBJC_WEAK = YES;
				CLANG_WARN_BLOCK_CAPTURE_AUTORELEASING = YES;
				CLANG_WARN_BOOL_CONVERSION = YES;
				CLANG_WARN_COMMA = YES;
				CLANG_WARN_CONSTANT_CONVERSION = YES;
				CLANG_WARN_DEPRECATED_OBJC_IMPLEMENTATIONS = YES;
				CLANG_WARN_DIRECT_OBJC_ISA_USAGE = YES_ERROR;
				CLANG_WARN_DOCUMENTATION_COMMENTS = YES;
				CLANG_WARN_EMPTY_BODY = YES;
				CLANG_WARN_ENUM_CONVERSION = YES;
				CLANG_WARN_INFINITE_RECURSION = YES;
				CLANG_WARN_INT_CONVERSION = YES;
				CLANG_WARN_NON_LITERAL_NULL_CONVERSION = YES;
				CLANG_WARN_OBJC_IMPLICIT_RETAIN_SELF = YES;
				CLANG_WARN_OBJC_LITERAL_CONVERSION = YES;
				CLANG_WARN_OBJC_ROOT_CLASS = YES_ERROR;
				CLANG_WARN_QUOTED_INCLUDE_IN_FRAMEWORK_HEADER = YES;
				CLANG_WARN_RANGE_LOOP_ANALYSIS = YES;
				CLANG_WARN_STRICT_PROTOTYPES = YES;
				CLANG_WARN_SUSPICIOUS_MOVE = YES;
				CLANG_WARN_UNGUARDED_AVAILABILITY = YES_AGGRESSIVE;
				CLANG_WARN_UNREACHABLE_CODE = YES;
				CLANG_WARN__DUPLICATE_METHOD_MATCH = YES;
				COPY_PHASE_STRIP = NO;
				DEBUG_INFORMATION_FORMAT = dwarf;
				ENABLE_STRICT_OBJC_MSGSEND = YES;
				ENABLE_TESTABILITY = YES;
				ENABLE_USER_SCRIPT_SANDBOXING = YES;
				GCC_C_LANGUAGE_STANDARD = gnu17;
				GCC_DYNAMIC_NO_PIC = NO;
				GCC_NO_COMMON_BLOCKS = YES;
				GCC_OPTIMIZATION_LEVEL = 0;
				GCC_PREPROCESSOR_DEFINITIONS = (
					"DEBUG=1",
					"$(inherited)",
				);
				GCC_WARN_64_TO_32_BIT_CONVERSION = YES;
				GCC_WARN_ABOUT_RETURN_TYPE = YES_ERROR;
				GCC_WARN_UNDECLARED_SELECTOR = YES;
				GCC_WARN_UNINITIALIZED_AUTOS = YES_AGGRESSIVE;
				GCC_WARN_UNUSED_FUNCTION = YES;
				GCC_WARN_UNUSED_VARIABLE = YES;
				IPHONEOS_DEPLOYMENT_TARGET = 17.2;
				LOCALIZATION_PREFERS_STRING_CATALOGS = YES;
				MTL_ENABLE_DEBUG_INFO = INCLUDE_SOURCE;
				MTL_FAST_MATH = YES;
				ONLY_ACTIVE_ARCH = YES;
				SDKROOT = iphoneos;
				SWIFT_ACTIVE_COMPILATION_CONDITIONS = "DEBUG $(inherited)";
				SWIFT_OPTIMIZATION_LEVEL = "-Onone";
			};
			name = Debug;
		};
		F44784EF2B3A6143009868FE /* Release */ = {
			isa = XCBuildConfiguration;
			buildSettings = {
				ALWAYS_SEARCH_USER_PATHS = NO;
				ASSETCATALOG_COMPILER_GENERATE_SWIFT_ASSET_SYMBOL_EXTENSIONS = YES;
				CLANG_ANALYZER_NONNULL = YES;
				CLANG_ANALYZER_NUMBER_OBJECT_CONVERSION = YES_AGGRESSIVE;
				CLANG_CXX_LANGUAGE_STANDARD = "gnu++20";
				CLANG_ENABLE_MODULES = YES;
				CLANG_ENABLE_OBJC_ARC = YES;
				CLANG_ENABLE_OBJC_WEAK = YES;
				CLANG_WARN_BLOCK_CAPTURE_AUTORELEASING = YES;
				CLANG_WARN_BOOL_CONVERSION = YES;
				CLANG_WARN_COMMA = YES;
				CLANG_WARN_CONSTANT_CONVERSION = YES;
				CLANG_WARN_DEPRECATED_OBJC_IMPLEMENTATIONS = YES;
				CLANG_WARN_DIRECT_OBJC_ISA_USAGE = YES_ERROR;
				CLANG_WARN_DOCUMENTATION_COMMENTS = YES;
				CLANG_WARN_EMPTY_BODY = YES;
				CLANG_WARN_ENUM_CONVERSION = YES;
				CLANG_WARN_INFINITE_RECURSION = YES;
				CLANG_WARN_INT_CONVERSION = YES;
				CLANG_WARN_NON_LITERAL_NULL_CONVERSION = YES;
				CLANG_WARN_OBJC_IMPLICIT_RETAIN_SELF = YES;
				CLANG_WARN_OBJC_LITERAL_CONVERSION = YES;
				CLANG_WARN_OBJC_ROOT_CLASS = YES_ERROR;
				CLANG_WARN_QUOTED_INCLUDE_IN_FRAMEWORK_HEADER = YES;
				CLANG_WARN_RANGE_LOOP_ANALYSIS = YES;
				CLANG_WARN_STRICT_PROTOTYPES = YES;
				CLANG_WARN_SUSPICIOUS_MOVE = YES;
				CLANG_WARN_UNGUARDED_AVAILABILITY = YES_AGGRESSIVE;
				CLANG_WARN_UNREACHABLE_CODE = YES;
				CLANG_WARN__DUPLICATE_METHOD_MATCH = YES;
				COPY_PHASE_STRIP = NO;
				DEBUG_INFORMATION_FORMAT = "dwarf-with-dsym";
				ENABLE_NS_ASSERTIONS = NO;
				ENABLE_STRICT_OBJC_MSGSEND = YES;
				ENABLE_USER_SCRIPT_SANDBOXING = YES;
				GCC_C_LANGUAGE_STANDARD = gnu17;
				GCC_NO_COMMON_BLOCKS = YES;
				GCC_WARN_64_TO_32_BIT_CONVERSION = YES;
				GCC_WARN_ABOUT_RETURN_TYPE = YES_ERROR;
				GCC_WARN_UNDECLARED_SELECTOR = YES;
				GCC_WARN_UNINITIALIZED_AUTOS = YES_AGGRESSIVE;
				GCC_WARN_UNUSED_FUNCTION = YES;
				GCC_WARN_UNUSED_VARIABLE = YES;
				IPHONEOS_DEPLOYMENT_TARGET = 17.2;
				LOCALIZATION_PREFERS_STRING_CATALOGS = YES;
				MTL_ENABLE_DEBUG_INFO = NO;
				MTL_FAST_MATH = YES;
				SDKROOT = iphoneos;
				SWIFT_COMPILATION_MODE = wholemodule;
				VALIDATE_PRODUCT = YES;
			};
			name = Release;
		};
		F44784F12B3A6143009868FE /* Debug */ = {
			isa = XCBuildConfiguration;
			buildSettings = {
				ASSETCATALOG_COMPILER_APPICON_NAME = AppIcon;
				ASSETCATALOG_COMPILER_GLOBAL_ACCENT_COLOR_NAME = AccentColor;
				CODE_SIGN_STYLE = Automatic;
				CURRENT_PROJECT_VERSION = 1;
				DEVELOPMENT_ASSET_PATHS = "\"WebSocket/Preview Content\"";
				DEVELOPMENT_TEAM = N54L2GS5Z3;
				ENABLE_PREVIEWS = YES;
				GENERATE_INFOPLIST_FILE = YES;
				INFOPLIST_KEY_UIApplicationSceneManifest_Generation = YES;
				INFOPLIST_KEY_UIApplicationSupportsIndirectInputEvents = YES;
				INFOPLIST_KEY_UILaunchScreen_Generation = YES;
				INFOPLIST_KEY_UISupportedInterfaceOrientations_iPad = "UIInterfaceOrientationPortrait UIInterfaceOrientationPortraitUpsideDown UIInterfaceOrientationLandscapeLeft UIInterfaceOrientationLandscapeRight";
				INFOPLIST_KEY_UISupportedInterfaceOrientations_iPhone = "UIInterfaceOrientationPortrait UIInterfaceOrientationLandscapeLeft UIInterfaceOrientationLandscapeRight";
				LD_RUNPATH_SEARCH_PATHS = (
					"$(inherited)",
					"@executable_path/Frameworks",
				);
				MARKETING_VERSION = 1.0;
				PRODUCT_BUNDLE_IDENTIFIER = com.eunseo.WebSocket;
				PRODUCT_NAME = "$(TARGET_NAME)";
				SWIFT_EMIT_LOC_STRINGS = YES;
				SWIFT_VERSION = 5.0;
				TARGETED_DEVICE_FAMILY = "1,2";
			};
			name = Debug;
		};
		F44784F22B3A6143009868FE /* Release */ = {
			isa = XCBuildConfiguration;
			buildSettings = {
				ASSETCATALOG_COMPILER_APPICON_NAME = AppIcon;
				ASSETCATALOG_COMPILER_GLOBAL_ACCENT_COLOR_NAME = AccentColor;
				CODE_SIGN_STYLE = Automatic;
				CURRENT_PROJECT_VERSION = 1;
				DEVELOPMENT_ASSET_PATHS = "\"WebSocket/Preview Content\"";
				DEVELOPMENT_TEAM = N54L2GS5Z3;
				ENABLE_PREVIEWS = YES;
				GENERATE_INFOPLIST_FILE = YES;
				INFOPLIST_KEY_UIApplicationSceneManifest_Generation = YES;
				INFOPLIST_KEY_UIApplicationSupportsIndirectInputEvents = YES;
				INFOPLIST_KEY_UILaunchScreen_Generation = YES;
				INFOPLIST_KEY_UISupportedInterfaceOrientations_iPad = "UIInterfaceOrientationPortrait UIInterfaceOrientationPortraitUpsideDown UIInterfaceOrientationLandscapeLeft UIInterfaceOrientationLandscapeRight";
				INFOPLIST_KEY_UISupportedInterfaceOrientations_iPhone = "UIInterfaceOrientationPortrait UIInterfaceOrientationLandscapeLeft UIInterfaceOrientationLandscapeRight";
				LD_RUNPATH_SEARCH_PATHS = (
					"$(inherited)",
					"@executable_path/Frameworks",
				);
				MARKETING_VERSION = 1.0;
				PRODUCT_BUNDLE_IDENTIFIER = com.eunseo.WebSocket;
				PRODUCT_NAME = "$(TARGET_NAME)";
				SWIFT_EMIT_LOC_STRINGS = YES;
				SWIFT_VERSION = 5.0;
				TARGETED_DEVICE_FAMILY = "1,2";
			};
			name = Release;
		};
		F44784F42B3A6143009868FE /* Debug */ = {
			isa = XCBuildConfiguration;
			buildSettings = {
				ALWAYS_EMBED_SWIFT_STANDARD_LIBRARIES = YES;
				BUNDLE_LOADER = "$(TEST_HOST)";
				CODE_SIGN_STYLE = Automatic;
				CURRENT_PROJECT_VERSION = 1;
				DEVELOPMENT_TEAM = N54L2GS5Z3;
				GENERATE_INFOPLIST_FILE = YES;
				IPHONEOS_DEPLOYMENT_TARGET = 17.2;
				MARKETING_VERSION = 1.0;
				PRODUCT_BUNDLE_IDENTIFIER = com.eunseo.WebSocketTests;
				PRODUCT_NAME = "$(TARGET_NAME)";
				SWIFT_EMIT_LOC_STRINGS = NO;
				SWIFT_VERSION = 5.0;
				TARGETED_DEVICE_FAMILY = "1,2";
				TEST_HOST = "$(BUILT_PRODUCTS_DIR)/WebSocket.app/$(BUNDLE_EXECUTABLE_FOLDER_PATH)/WebSocket";
			};
			name = Debug;
		};
		F44784F52B3A6143009868FE /* Release */ = {
			isa = XCBuildConfiguration;
			buildSettings = {
				ALWAYS_EMBED_SWIFT_STANDARD_LIBRARIES = YES;
				BUNDLE_LOADER = "$(TEST_HOST)";
				CODE_SIGN_STYLE = Automatic;
				CURRENT_PROJECT_VERSION = 1;
				DEVELOPMENT_TEAM = N54L2GS5Z3;
				GENERATE_INFOPLIST_FILE = YES;
				IPHONEOS_DEPLOYMENT_TARGET = 17.2;
				MARKETING_VERSION = 1.0;
				PRODUCT_BUNDLE_IDENTIFIER = com.eunseo.WebSocketTests;
				PRODUCT_NAME = "$(TARGET_NAME)";
				SWIFT_EMIT_LOC_STRINGS = NO;
				SWIFT_VERSION = 5.0;
				TARGETED_DEVICE_FAMILY = "1,2";
				TEST_HOST = "$(BUILT_PRODUCTS_DIR)/WebSocket.app/$(BUNDLE_EXECUTABLE_FOLDER_PATH)/WebSocket";
			};
			name = Release;
		};
		F44784F72B3A6143009868FE /* Debug */ = {
			isa = XCBuildConfiguration;
			buildSettings = {
				ALWAYS_EMBED_SWIFT_STANDARD_LIBRARIES = YES;
				CODE_SIGN_STYLE = Automatic;
				CURRENT_PROJECT_VERSION = 1;
				DEVELOPMENT_TEAM = N54L2GS5Z3;
				GENERATE_INFOPLIST_FILE = YES;
				MARKETING_VERSION = 1.0;
				PRODUCT_BUNDLE_IDENTIFIER = com.eunseo.WebSocketUITests;
				PRODUCT_NAME = "$(TARGET_NAME)";
				SWIFT_EMIT_LOC_STRINGS = NO;
				SWIFT_VERSION = 5.0;
				TARGETED_DEVICE_FAMILY = "1,2";
				TEST_TARGET_NAME = WebSocket;
			};
			name = Debug;
		};
		F44784F82B3A6143009868FE /* Release */ = {
			isa = XCBuildConfiguration;
			buildSettings = {
				ALWAYS_EMBED_SWIFT_STANDARD_LIBRARIES = YES;
				CODE_SIGN_STYLE = Automatic;
				CURRENT_PROJECT_VERSION = 1;
				DEVELOPMENT_TEAM = N54L2GS5Z3;
				GENERATE_INFOPLIST_FILE = YES;
				MARKETING_VERSION = 1.0;
				PRODUCT_BUNDLE_IDENTIFIER = com.eunseo.WebSocketUITests;
				PRODUCT_NAME = "$(TARGET_NAME)";
				SWIFT_EMIT_LOC_STRINGS = NO;
				SWIFT_VERSION = 5.0;
				TARGETED_DEVICE_FAMILY = "1,2";
				TEST_TARGET_NAME = WebSocket;
			};
			name = Release;
		};
/* End XCBuildConfiguration section */

/* Begin XCConfigurationList section */
		F44784C72B3A6142009868FE /* Build configuration list for PBXProject "WebSocket" */ = {
			isa = XCConfigurationList;
			buildConfigurations = (
				F44784EE2B3A6143009868FE /* Debug */,
				F44784EF2B3A6143009868FE /* Release */,
			);
			defaultConfigurationIsVisible = 0;
			defaultConfigurationName = Release;
		};
		F44784F02B3A6143009868FE /* Build configuration list for PBXNativeTarget "WebSocket" */ = {
			isa = XCConfigurationList;
			buildConfigurations = (
				F44784F12B3A6143009868FE /* Debug */,
				F44784F22B3A6143009868FE /* Release */,
			);
			defaultConfigurationIsVisible = 0;
			defaultConfigurationName = Release;
		};
		F44784F32B3A6143009868FE /* Build configuration list for PBXNativeTarget "WebSocketTests" */ = {
			isa = XCConfigurationList;
			buildConfigurations = (
				F44784F42B3A6143009868FE /* Debug */,
				F44784F52B3A6143009868FE /* Release */,
			);
			defaultConfigurationIsVisible = 0;
			defaultConfigurationName = Release;
		};
		F44784F62B3A6143009868FE /* Build configuration list for PBXNativeTarget "WebSocketUITests" */ = {
			isa = XCConfigurationList;
			buildConfigurations = (
				F44784F72B3A6143009868FE /* Debug */,
				F44784F82B3A6143009868FE /* Release */,
			);
			defaultConfigurationIsVisible = 0;
			defaultConfigurationName = Release;
		};
/* End XCConfigurationList section */
	};
	rootObject = F44784C42B3A6142009868FE /* Project object */;
}
